<?xml version="1.0" encoding="utf-8"?>
<Project ToolsVersion="4.0" xmlns="http://schemas.microsoft.com/developer/msbuild/2003">
  <ItemGroup>
    <Filter Include="Source Files">
      <UniqueIdentifier>{4FC737F1-C7A5-4376-A066-2A32D752A2FF}</UniqueIdentifier>
      <Extensions>cpp;c;cc;cxx;def;odl;idl;hpj;bat;asm;asmx</Extensions>
    </Filter>
    <Filter Include="Header Files">
      <UniqueIdentifier>{93995380-89BD-4b04-88EB-625FBE52EBFB}</UniqueIdentifier>
      <Extensions>h;hpp;hxx;hm;inl;inc;xsd</Extensions>
    </Filter>
    <Filter Include="Resource Files">
      <UniqueIdentifier>{67DA6AB6-F800-4c08-8B7A-83BB121AAD01}</UniqueIdentifier>
      <Extensions>rc;ico;cur;bmp;dlg;rc2;rct;bin;rgs;gif;jpg;jpeg;jpe;resx;tiff;tif;png;wav;mfcribbon-ms</Extensions>
    </Filter>
    <Filter Include="Source Files\Diálogos">
      <UniqueIdentifier>{0b18ea33-0d88-465b-b9cf-1bbd8b0f4967}</UniqueIdentifier>
    </Filter>
    <Filter Include="Source Files\Interface">
      <UniqueIdentifier>{1c31734d-1587-42ae-8a1d-b05fa0555739}</UniqueIdentifier>
    </Filter>
    <Filter Include="Source Files\Diagrama Ladder">
      <UniqueIdentifier>{124b686b-40ce-48ff-8465-de843dbb3c91}</UniqueIdentifier>
    </Filter>
    <Filter Include="Source Files\POP-7">
      <UniqueIdentifier>{1d80a9d2-9960-41de-ad93-4b833ef5a1e9}</UniqueIdentifier>
    </Filter>
    <Filter Include="Source Files\Utils">
      <UniqueIdentifier>{2533b9e8-7abc-4ff8-802a-048156f5ece2}</UniqueIdentifier>
    </Filter>
    <Filter Include="Resource Files\Ribbon">
      <UniqueIdentifier>{4bdb9132-037d-4ce6-8059-c646098e8d07}</UniqueIdentifier>
    </Filter>
    <Filter Include="Resource Files\Imagens">
      <UniqueIdentifier>{369be56c-caf2-4635-ad83-d8494b9a1662}</UniqueIdentifier>
    </Filter>
    <Filter Include="Resource Files\GCC">
      <UniqueIdentifier>{82afc936-8037-49e8-8eb2-27351d33f8c2}</UniqueIdentifier>
    </Filter>
    <Filter Include="Source Files\EngineGUI">
      <UniqueIdentifier>{f83a0bd3-d4fe-4cad-a0c8-ab85950e8886}</UniqueIdentifier>
    </Filter>
  </ItemGroup>
  <ItemGroup>
    <ClCompile Include="checkbitdialog.cpp">
      <Filter>Source Files\Diálogos</Filter>
    </ClCompile>
    <ClCompile Include="coildialog.cpp">
      <Filter>Source Files\Diálogos</Filter>
    </ClCompile>
    <ClCompile Include="commentdialog.cpp">
      <Filter>Source Files\Diálogos</Filter>
    </ClCompile>
    <ClCompile Include="contactsdialog.cpp">
      <Filter>Source Files\Diálogos</Filter>
    </ClCompile>
    <ClCompile Include="debugdialog.cpp">
      <Filter>Source Files\Diálogos</Filter>
    </ClCompile>
    <ClCompile Include="FARdialog.cpp">
      <Filter>Source Files\Diálogos</Filter>
    </ClCompile>
    <ClCompile Include="helpdialog.cpp">
      <Filter>Source Files\Diálogos</Filter>
    </ClCompile>
    <ClCompile Include="lutdialog.cpp">
      <Filter>Source Files\Diálogos</Filter>
    </ClCompile>
    <ClCompile Include="mathdialog.cpp">
      <Filter>Source Files\Diálogos</Filter>
    </ClCompile>
    <ClCompile Include="modbusdialog.cpp">
      <Filter>Source Files\Diálogos</Filter>
    </ClCompile>
    <ClCompile Include="rtcdialog.cpp">
      <Filter>Source Files\Diálogos</Filter>
    </ClCompile>
    <ClCompile Include="setbitdialog.cpp">
      <Filter>Source Files\Diálogos</Filter>
    </ClCompile>
    <ClCompile Include="setdadialog.cpp">
      <Filter>Source Files\Diálogos</Filter>
    </ClCompile>
    <ClCompile Include="simpledialog.cpp">
      <Filter>Source Files\Diálogos</Filter>
    </ClCompile>
    <ClCompile Include="resetdialog.cpp">
      <Filter>Source Files\Diálogos</Filter>
    </ClCompile>
    <ClCompile Include="multisetdadialog.cpp">
      <Filter>Source Files\Diálogos</Filter>
    </ClCompile>
    <ClCompile Include="circuit.cpp">
      <Filter>Source Files\Diagrama Ladder</Filter>
    </ClCompile>
    <ClCompile Include="compilecommon.cpp">
      <Filter>Source Files\Diagrama Ladder</Filter>
    </ClCompile>
    <ClCompile Include="draw.cpp">
      <Filter>Source Files\Interface</Filter>
    </ClCompile>
    <ClCompile Include="draw_outputdev.cpp">
      <Filter>Source Files\Interface</Filter>
    </ClCompile>
    <ClCompile Include="freeze.cpp">
      <Filter>Source Files\Interface</Filter>
    </ClCompile>
    <ClCompile Include="intcode.cpp">
      <Filter>Source Files\Diagrama Ladder</Filter>
    </ClCompile>
    <ClCompile Include="iomap.cpp">
      <Filter>Source Files\Interface</Filter>
    </ClCompile>
    <ClCompile Include="prefdialog.cpp">
      <Filter>Source Files\Interface</Filter>
    </ClCompile>
    <ClCompile Include="confdialog.cpp">
      <Filter>Source Files\Interface</Filter>
    </ClCompile>
    <ClCompile Include="maincontrols.cpp">
      <Filter>Source Files\Interface</Filter>
    </ClCompile>
    <ClCompile Include="Ribbon.cpp">
      <Filter>Source Files\Interface</Filter>
    </ClCompile>
    <ClCompile Include="PropertySet.cpp">
      <Filter>Source Files\Interface</Filter>
    </ClCompile>
    <ClCompile Include="splash.cpp">
      <Filter>Source Files\Interface</Filter>
    </ClCompile>
    <ClCompile Include="schematic.cpp">
      <Filter>Source Files\Diagrama Ladder</Filter>
    </ClCompile>
    <ClCompile Include="simulate.cpp">
      <Filter>Source Files\Diagrama Ladder</Filter>
    </ClCompile>
    <ClCompile Include="gcc.cpp">
      <Filter>Source Files\POP-7</Filter>
    </ClCompile>
    <ClCompile Include="flashmagic.cpp">
      <Filter>Source Files\POP-7</Filter>
    </ClCompile>
    <ClCompile Include="modbus_master.cpp">
      <Filter>Source Files\POP-7</Filter>
    </ClCompile>
    <ClCompile Include="modbus_slave.cpp">
      <Filter>Source Files\POP-7</Filter>
    </ClCompile>
    <ClCompile Include="undoredo.cpp">
      <Filter>Source Files\Diagrama Ladder</Filter>
    </ClCompile>
    <ClCompile Include="lang.cpp">
      <Filter>Source Files\Interface</Filter>
    </ClCompile>
    <ClCompile Include="loadsave.cpp">
      <Filter>Source Files\Diagrama Ladder</Filter>
    </ClCompile>
    <ClCompile Include="poptools.cpp">
      <Filter>Source Files\Interface</Filter>
    </ClCompile>
    <ClCompile Include="miscutil.cpp">
      <Filter>Source Files\Utils</Filter>
    </ClCompile>
    <ClCompile Include="XMLWrapper.cpp">
      <Filter>Source Files\Utils</Filter>
    </ClCompile>
    <ClCompile Include="Firmware\App\modbus_rtu.c">
      <Filter>Source Files\POP-7</Filter>
    </ClCompile>
    <ClCompile Include="KeyboardMap.cpp">
      <Filter>Source Files\Interface</Filter>
    </ClCompile>
    <ClCompile Include="KeyboardHandlers.cpp">
      <Filter>Source Files\Interface</Filter>
    </ClCompile>
    <ClCompile Include="modbus_usb.cpp">
      <Filter>Source Files\POP-7</Filter>
    </ClCompile>
    <ClCompile Include="CommonFileDialog.cpp">
      <Filter>Source Files\Interface</Filter>
    </ClCompile>
    <ClCompile Include="EngineGUI.cpp">
      <Filter>Source Files\EngineGUI</Filter>
    </ClCompile>
    <ClCompile Include="EngineRenderD2D.cpp">
      <Filter>Source Files\EngineGUI</Filter>
    </ClCompile>
    <ClCompile Include="LadderObjects.cpp">
      <Filter>Source Files\Diagrama Ladder</Filter>
    </ClCompile>
    <ClCompile Include="LadderGUI.cpp">
      <Filter>Source Files\EngineGUI</Filter>
    </ClCompile>
  </ItemGroup>
  <ItemGroup>
    <ClInclude Include="freeze.h">
      <Filter>Header Files</Filter>
    </ClInclude>
    <ClInclude Include="intcode.h">
      <Filter>Header Files</Filter>
    </ClInclude>
    <ClInclude Include="lang-tables.h">
      <Filter>Header Files</Filter>
    </ClInclude>
    <ClInclude Include="mcutable.h">
      <Filter>Header Files</Filter>
    </ClInclude>
    <ClInclude Include="flashmagicarmcortex.h">
      <Filter>Header Files</Filter>
    </ClInclude>
    <ClInclude Include="flashmagiccommon.h">
      <Filter>Header Files</Filter>
    </ClInclude>
    <ClInclude Include="resource.h">
      <Filter>Header Files</Filter>
    </ClInclude>
    <ClInclude Include="splash.h">
      <Filter>Header Files</Filter>
    </ClInclude>
    <ClInclude Include="XMLWrapper.h">
      <Filter>Header Files</Filter>
    </ClInclude>
    <ClInclude Include="VersionInfo.h">
      <Filter>Header Files</Filter>
    </ClInclude>
    <ClInclude Include="Firmware\App\modbus_rtu.h">
      <Filter>Header Files</Filter>
    </ClInclude>
    <ClInclude Include="modbus_master.h">
      <Filter>Header Files</Filter>
    </ClInclude>
    <ClInclude Include="PropertySet.h">
      <Filter>Header Files</Filter>
    </ClInclude>
    <ClInclude Include="poptools.h">
      <Filter>Header Files</Filter>
    </ClInclude>
    <ClInclude Include="KeyboardMap.h">
      <Filter>Header Files</Filter>
    </ClInclude>
    <ClInclude Include="KeyboardHandlers.h">
      <Filter>Header Files</Filter>
    </ClInclude>
    <ClInclude Include="Firmware\App\intreg.h">
      <Filter>Header Files</Filter>
    </ClInclude>
    <ClInclude Include="EngineGUI.h">
      <Filter>Header Files</Filter>
    </ClInclude>
    <ClInclude Include="EngineRender.h">
      <Filter>Header Files</Filter>
    </ClInclude>
    <ClInclude Include="EngineUtils.h">
      <Filter>Header Files</Filter>
    </ClInclude>
    <ClInclude Include="EngineRenderD2D.h">
      <Filter>Header Files</Filter>
    </ClInclude>
    <ClInclude Include="LadderObjects.h">
      <Filter>Header Files</Filter>
    </ClInclude>
    <ClInclude Include="iomap.h">
      <Filter>Header Files</Filter>
    </ClInclude>
  </ItemGroup>
  <ItemGroup>
    <ResourceCompile Include="version.rc">
      <Filter>Resource Files</Filter>
    </ResourceCompile>
    <ResourceCompile Include="MainRibbon.rc">
      <Filter>Resource Files\Ribbon</Filter>
    </ResourceCompile>
    <ResourceCompile Include="poptools.rc">
      <Filter>Resource Files</Filter>
    </ResourceCompile>
  </ItemGroup>
  <ItemGroup>
    <None Include="bin\src\ld.h">
      <Filter>Resource Files</Filter>
    </None>
    <None Include="bin\settings.xml">
      <Filter>Resource Files</Filter>
    </None>
    <None Include="poptools.ico">
      <Filter>Resource Files\Imagens</Filter>
    </None>
    <None Include="poptools32.ico">
      <Filter>Resource Files\Imagens</Filter>
    </None>
    <None Include="splash.bmp">
      <Filter>Resource Files\Imagens</Filter>
    </None>
    <None Include="bin\src\compile">
      <Filter>Resource Files\GCC</Filter>
    </None>
    <None Include="bin\src\libpop.a">
      <Filter>Resource Files\GCC</Filter>
    </None>
    <None Include="bin\src\libpop.map">
      <Filter>Resource Files\GCC</Filter>
    </None>
    <None Include="bin\src\link.ld">
      <Filter>Resource Files\GCC</Filter>
    </None>
    <None Include="bin\src\memory.ld">
      <Filter>Resource Files\GCC</Filter>
    </None>
    <None Include="bin\src\startup_LPC17xx.o">
      <Filter>Resource Files\GCC</Filter>
    </None>
    <None Include="bin\src\syscalls.o">
      <Filter>Resource Files\GCC</Filter>
    </None>
  </ItemGroup>
  <ItemGroup>
    <CustomBuild Include="MainRibbonEN.xml">
      <Filter>Resource Files\Ribbon</Filter>
    </CustomBuild>
    <CustomBuild Include="MainRibbonES.xml">
      <Filter>Resource Files\Ribbon</Filter>
    </CustomBuild>
    <CustomBuild Include="MainRibbonPTBR.xml">
      <Filter>Resource Files\Ribbon</Filter>
    </CustomBuild>
  </ItemGroup>
  <ItemGroup>
    <Manifest Include="poptools.exe.manifest" />
  </ItemGroup>
</Project>